
Microsoft Visual Studio Solution File, Format Version 10.00
# Visual Studio 2008
Project("{FAE04EC0-301F-11D3-BF4B-00C04F79EFBC}") = "UpdateControls.Forms", "UpdateControls.Forms.csproj", "{82338022-D5A1-40B5-8953-E578FF607FCE}"
EndProject
Project("{FAE04EC0-301F-11D3-BF4B-00C04F79EFBC}") = "UpdateControls.Test", "..\UpdateControls.Test\UpdateControls.Test.csproj", "{C866AE8C-EBFB-4A46-B42F-C8276C2B9CDB}"
EndProject
Project("{FAE04EC0-301F-11D3-BF4B-00C04F79EFBC}") = "UpdateControls.Themes", "..\UpdateControls.Themes\UpdateControls.Themes.csproj", "{0F935F95-D9C7-4CEA-B15A-57BEEC1B5BFA}"
EndProject
Project("{FAE04EC0-301F-11D3-BF4B-00C04F79EFBC}") = "UpdateControls.VSAddIn", "..\UpdateControls.VSAddIn\UpdateControls.VSAddIn.csproj", "{2CAC380D-CA27-498B-BDF1-7170986E57C1}"
EndProject
Project("{54435603-DBB4-11D2-8724-00A0C9A8B90C}") = "UpdateControls.Setup", "..\UpdateControls.Setup\UpdateControls.Setup.vdproj", "{BB31D358-D0E2-4BE1-8D68-7E253F446554}"
EndProject
Project("{FAE04EC0-301F-11D3-BF4B-00C04F79EFBC}") = "UpdateControls.Installer", "..\UpdateControls.Installer\UpdateControls.Installer.csproj", "{2A6347A0-C0BA-4D31-BB43-DFCFB798F7A7}"
EndProject
Project("{FAE04EC0-301F-11D3-BF4B-00C04F79EFBC}") = "UpdateControls.VSAddIn.UnitTest", "..\UpdateControls.VSAddIn.UnitTest\UpdateControls.VSAddIn.UnitTest.csproj", "{438467D4-D992-4F48-89C8-F359A2911838}"
EndProject
Project("{FAE04EC0-301F-11D3-BF4B-00C04F79EFBC}") = "UpdateControls.Themes.UnitTest", "..\UpdateControls.Themes.UnitTest\UpdateControls.Themes.UnitTest.csproj", "{C3FF7BD4-C459-4D86-B6FA-5FDEC5729281}"
EndProject
Project("{FAE04EC0-301F-11D3-BF4B-00C04F79EFBC}") = "UpdateControls", "..\UpdateControls\UpdateControls.csproj", "{FFA4FF30-E11F-476F-A305-EC9FD624C752}"
EndProject
Project("{FAE04EC0-301F-11D3-BF4B-00C04F79EFBC}") = "UpdateControls.XAML.Test", "..\UpdateControls.XAML.Test\UpdateControls.XAML.Test.csproj", "{3E5C6091-88C5-4435-8B4B-FD31EAB8FE37}"
EndProject
Project("{FAE04EC0-301F-11D3-BF4B-00C04F79EFBC}") = "UpdateControls.XAML", "..\UpdateControls.XAML\UpdateControls.XAML.csproj", "{E4496FFF-165F-4008-8766-4DD086F5D3EC}"
EndProject
Project("{2150E333-8FDC-42A3-9474-1A3956D46DE8}") = "Solution Files", "Solution Files", "{B26D3BB9-C5C9-4EA8-8776-783029D46BD9}"
	ProjectSection(SolutionItems) = preProject
		..\Solution Files\CommonProperties.cs = ..\Solution Files\CommonProperties.cs
	EndProjectSection
EndProject
Global
	GlobalSection(TeamFoundationVersionControl) = preSolution
		SccNumberOfProjects = 12
		SccEnterpriseProvider = {4CA58AB2-18FA-4F8D-95D4-32DDF27D184C}
		SccTeamFoundationServer = https://tfs07.codeplex.com/
		SccLocalPath0 = .
		SccProjectUniqueName1 = UpdateControls.Forms.csproj
		SccLocalPath1 = .
		SccProjectUniqueName2 = ..\\UpdateControls.Test\\UpdateControls.Test.csproj
		SccProjectName2 = ../UpdateControls.Test
		SccLocalPath2 = ..\\UpdateControls.Test
		SccProjectUniqueName3 = ..\\UpdateControls.Themes\\UpdateControls.Themes.csproj
		SccProjectName3 = ../UpdateControls.Themes
		SccLocalPath3 = ..\\UpdateControls.Themes
		SccProjectUniqueName4 = ..\\UpdateControls.VSAddIn\\UpdateControls.VSAddIn.csproj
		SccProjectName4 = ../UpdateControls.VSAddIn
		SccLocalPath4 = ..\\UpdateControls.VSAddIn
		SccProjectUniqueName5 = ..\\UpdateControls.Setup\\UpdateControls.Setup.vdproj
		SccProjectName5 = ../UpdateControls.Setup
		SccLocalPath5 = ..\\UpdateControls.Setup
		SccProjectUniqueName6 = ..\\UpdateControls.Installer\\UpdateControls.Installer.csproj
		SccProjectName6 = ../UpdateControls.Installer
		SccLocalPath6 = ..\\UpdateControls.Installer
		SccProjectUniqueName7 = ..\\UpdateControls.VSAddIn.UnitTest\\UpdateControls.VSAddIn.UnitTest.csproj
		SccProjectName7 = ../UpdateControls.VSAddIn.UnitTest
		SccLocalPath7 = ..\\UpdateControls.VSAddIn.UnitTest
		SccProjectUniqueName8 = ..\\UpdateControls.Themes.UnitTest\\UpdateControls.Themes.UnitTest.csproj
		SccProjectName8 = ../UpdateControls.Themes.UnitTest
		SccLocalPath8 = ..\\UpdateControls.Themes.UnitTest
		SccProjectUniqueName9 = ..\\UpdateControls\\UpdateControls.csproj
		SccProjectName9 = ../UpdateControls
		SccLocalPath9 = ..\\UpdateControls
		SccProjectUniqueName10 = ..\\UpdateControls.XAML.Test\\UpdateControls.XAML.Test.csproj
		SccProjectName10 = ../UpdateControls.XAML.Test
		SccLocalPath10 = ..\\UpdateControls.XAML.Test
		SccProjectUniqueName11 = ..\\UpdateControls.XAML\\UpdateControls.XAML.csproj
		SccProjectName11 = ../UpdateControls.XAML
		SccLocalPath11 = ..\\UpdateControls.XAML
	EndGlobalSection
	GlobalSection(SolutionConfigurationPlatforms) = preSolution
		Debug|Any CPU = Debug|Any CPU
		Debug|Mixed Platforms = Debug|Mixed Platforms
		Debug|Win32 = Debug|Win32
		Release|Any CPU = Release|Any CPU
		Release|Mixed Platforms = Release|Mixed Platforms
		Release|Win32 = Release|Win32
	EndGlobalSection
	GlobalSection(ProjectConfigurationPlatforms) = postSolution
		{82338022-D5A1-40B5-8953-E578FF607FCE}.Debug|Any CPU.ActiveCfg = Debug|Any CPU
		{82338022-D5A1-40B5-8953-E578FF607FCE}.Debug|Any CPU.Build.0 = Debug|Any CPU
		{82338022-D5A1-40B5-8953-E578FF607FCE}.Debug|Mixed Platforms.ActiveCfg = Debug|Any CPU
		{82338022-D5A1-40B5-8953-E578FF607FCE}.Debug|Win32.ActiveCfg = Debug|Any CPU
		{82338022-D5A1-40B5-8953-E578FF607FCE}.Release|Any CPU.ActiveCfg = Release|Any CPU
		{82338022-D5A1-40B5-8953-E578FF607FCE}.Release|Any CPU.Build.0 = Release|Any CPU
		{82338022-D5A1-40B5-8953-E578FF607FCE}.Release|Mixed Platforms.ActiveCfg = Release|Any CPU
		{82338022-D5A1-40B5-8953-E578FF607FCE}.Release|Win32.ActiveCfg = Release|Any CPU
		{C866AE8C-EBFB-4A46-B42F-C8276C2B9CDB}.Debug|Any CPU.ActiveCfg = Debug|Any CPU
		{C866AE8C-EBFB-4A46-B42F-C8276C2B9CDB}.Debug|Any CPU.Build.0 = Debug|Any CPU
		{C866AE8C-EBFB-4A46-B42F-C8276C2B9CDB}.Debug|Mixed Platforms.ActiveCfg = Debug|Any CPU
		{C866AE8C-EBFB-4A46-B42F-C8276C2B9CDB}.Debug|Win32.ActiveCfg = Debug|Any CPU
		{C866AE8C-EBFB-4A46-B42F-C8276C2B9CDB}.Release|Any CPU.ActiveCfg = Release|Any CPU
		{C866AE8C-EBFB-4A46-B42F-C8276C2B9CDB}.Release|Any CPU.Build.0 = Release|Any CPU
		{C866AE8C-EBFB-4A46-B42F-C8276C2B9CDB}.Release|Mixed Platforms.ActiveCfg = Release|Any CPU
		{C866AE8C-EBFB-4A46-B42F-C8276C2B9CDB}.Release|Win32.ActiveCfg = Release|Any CPU
		{0F935F95-D9C7-4CEA-B15A-57BEEC1B5BFA}.Debug|Any CPU.ActiveCfg = Debug|Any CPU
		{0F935F95-D9C7-4CEA-B15A-57BEEC1B5BFA}.Debug|Any CPU.Build.0 = Debug|Any CPU
		{0F935F95-D9C7-4CEA-B15A-57BEEC1B5BFA}.Debug|Mixed Platforms.ActiveCfg = Debug|Any CPU
		{0F935F95-D9C7-4CEA-B15A-57BEEC1B5BFA}.Debug|Win32.ActiveCfg = Debug|Any CPU
		{0F935F95-D9C7-4CEA-B15A-57BEEC1B5BFA}.Release|Any CPU.ActiveCfg = Release|Any CPU
		{0F935F95-D9C7-4CEA-B15A-57BEEC1B5BFA}.Release|Any CPU.Build.0 = Release|Any CPU
		{0F935F95-D9C7-4CEA-B15A-57BEEC1B5BFA}.Release|Mixed Platforms.ActiveCfg = Release|Any CPU
		{0F935F95-D9C7-4CEA-B15A-57BEEC1B5BFA}.Release|Win32.ActiveCfg = Release|Any CPU
		{2CAC380D-CA27-498B-BDF1-7170986E57C1}.Debug|Any CPU.ActiveCfg = Debug|Any CPU
		{2CAC380D-CA27-498B-BDF1-7170986E57C1}.Debug|Any CPU.Build.0 = Debug|Any CPU
		{2CAC380D-CA27-498B-BDF1-7170986E57C1}.Debug|Mixed Platforms.ActiveCfg = Debug|Any CPU
		{2CAC380D-CA27-498B-BDF1-7170986E57C1}.Debug|Win32.ActiveCfg = Debug|Any CPU
		{2CAC380D-CA27-498B-BDF1-7170986E57C1}.Release|Any CPU.ActiveCfg = Release|Any CPU
		{2CAC380D-CA27-498B-BDF1-7170986E57C1}.Release|Any CPU.Build.0 = Release|Any CPU
		{2CAC380D-CA27-498B-BDF1-7170986E57C1}.Release|Mixed Platforms.ActiveCfg = Release|Any CPU
		{2CAC380D-CA27-498B-BDF1-7170986E57C1}.Release|Win32.ActiveCfg = Release|Any CPU
		{BB31D358-D0E2-4BE1-8D68-7E253F446554}.Debug|Any CPU.ActiveCfg = Debug
		{BB31D358-D0E2-4BE1-8D68-7E253F446554}.Debug|Mixed Platforms.ActiveCfg = Debug
		{BB31D358-D0E2-4BE1-8D68-7E253F446554}.Debug|Win32.ActiveCfg = Debug
		{BB31D358-D0E2-4BE1-8D68-7E253F446554}.Debug|Win32.Build.0 = Debug
		{BB31D358-D0E2-4BE1-8D68-7E253F446554}.Release|Any CPU.ActiveCfg = Release
		{BB31D358-D0E2-4BE1-8D68-7E253F446554}.Release|Mixed Platforms.ActiveCfg = Release
		{BB31D358-D0E2-4BE1-8D68-7E253F446554}.Release|Win32.ActiveCfg = Release
		{BB31D358-D0E2-4BE1-8D68-7E253F446554}.Release|Win32.Build.0 = Release
		{2A6347A0-C0BA-4D31-BB43-DFCFB798F7A7}.Debug|Any CPU.ActiveCfg = Debug|Any CPU
		{2A6347A0-C0BA-4D31-BB43-DFCFB798F7A7}.Debug|Any CPU.Build.0 = Debug|Any CPU
		{2A6347A0-C0BA-4D31-BB43-DFCFB798F7A7}.Debug|Mixed Platforms.ActiveCfg = Debug|Any CPU
		{2A6347A0-C0BA-4D31-BB43-DFCFB798F7A7}.Debug|Win32.ActiveCfg = Debug|Any CPU
		{2A6347A0-C0BA-4D31-BB43-DFCFB798F7A7}.Release|Any CPU.ActiveCfg = Release|Any CPU
		{2A6347A0-C0BA-4D31-BB43-DFCFB798F7A7}.Release|Any CPU.Build.0 = Release|Any CPU
		{2A6347A0-C0BA-4D31-BB43-DFCFB798F7A7}.Release|Mixed Platforms.ActiveCfg = Release|Any CPU
		{2A6347A0-C0BA-4D31-BB43-DFCFB798F7A7}.Release|Win32.ActiveCfg = Release|Any CPU
		{438467D4-D992-4F48-89C8-F359A2911838}.Debug|Any CPU.ActiveCfg = Debug|Any CPU
		{438467D4-D992-4F48-89C8-F359A2911838}.Debug|Any CPU.Build.0 = Debug|Any CPU
		{438467D4-D992-4F48-89C8-F359A2911838}.Debug|Mixed Platforms.ActiveCfg = Debug|Any CPU
		{438467D4-D992-4F48-89C8-F359A2911838}.Debug|Win32.ActiveCfg = Debug|Any CPU
		{438467D4-D992-4F48-89C8-F359A2911838}.Release|Any CPU.ActiveCfg = Release|Any CPU
		{438467D4-D992-4F48-89C8-F359A2911838}.Release|Any CPU.Build.0 = Release|Any CPU
		{438467D4-D992-4F48-89C8-F359A2911838}.Release|Mixed Platforms.ActiveCfg = Release|Any CPU
		{438467D4-D992-4F48-89C8-F359A2911838}.Release|Win32.ActiveCfg = Release|Any CPU
		{C3FF7BD4-C459-4D86-B6FA-5FDEC5729281}.Debug|Any CPU.ActiveCfg = Debug|Any CPU
		{C3FF7BD4-C459-4D86-B6FA-5FDEC5729281}.Debug|Any CPU.Build.0 = Debug|Any CPU
		{C3FF7BD4-C459-4D86-B6FA-5FDEC5729281}.Debug|Mixed Platforms.ActiveCfg = Debug|Any CPU
		{C3FF7BD4-C459-4D86-B6FA-5FDEC5729281}.Debug|Win32.ActiveCfg = Debug|Any CPU
		{C3FF7BD4-C459-4D86-B6FA-5FDEC5729281}.Release|Any CPU.ActiveCfg = Release|Any CPU
		{C3FF7BD4-C459-4D86-B6FA-5FDEC5729281}.Release|Any CPU.Build.0 = Release|Any CPU
		{C3FF7BD4-C459-4D86-B6FA-5FDEC5729281}.Release|Mixed Platforms.ActiveCfg = Release|Any CPU
		{C3FF7BD4-C459-4D86-B6FA-5FDEC5729281}.Release|Win32.ActiveCfg = Release|Any CPU
		{FFA4FF30-E11F-476F-A305-EC9FD624C752}.Debug|Any CPU.ActiveCfg = Debug|Any CPU
		{FFA4FF30-E11F-476F-A305-EC9FD624C752}.Debug|Any CPU.Build.0 = Debug|Any CPU
		{FFA4FF30-E11F-476F-A305-EC9FD624C752}.Debug|Mixed Platforms.ActiveCfg = Debug|Any CPU
		{FFA4FF30-E11F-476F-A305-EC9FD624C752}.Debug|Mixed Platforms.Build.0 = Debug|Any CPU
		{FFA4FF30-E11F-476F-A305-EC9FD624C752}.Debug|Win32.ActiveCfg = Debug|Any CPU
		{FFA4FF30-E11F-476F-A305-EC9FD624C752}.Release|Any CPU.ActiveCfg = Release|Any CPU
		{FFA4FF30-E11F-476F-A305-EC9FD624C752}.Release|Any CPU.Build.0 = Release|Any CPU
		{FFA4FF30-E11F-476F-A305-EC9FD624C752}.Release|Mixed Platforms.ActiveCfg = Release|Any CPU
		{FFA4FF30-E11F-476F-A305-EC9FD624C752}.Release|Mixed Platforms.Build.0 = Release|Any CPU
		{FFA4FF30-E11F-476F-A305-EC9FD624C752}.Release|Win32.ActiveCfg = Release|Any CPU
		{3E5C6091-88C5-4435-8B4B-FD31EAB8FE37}.Debug|Any CPU.ActiveCfg = Debug|Any CPU
		{3E5C6091-88C5-4435-8B4B-FD31EAB8FE37}.Debug|Any CPU.Build.0 = Debug|Any CPU
		{3E5C6091-88C5-4435-8B4B-FD31EAB8FE37}.Debug|Mixed Platforms.ActiveCfg = Debug|Any CPU
		{3E5C6091-88C5-4435-8B4B-FD31EAB8FE37}.Debug|Mixed Platforms.Build.0 = Debug|Any CPU
		{3E5C6091-88C5-4435-8B4B-FD31EAB8FE37}.Debug|Win32.ActiveCfg = Debug|Any CPU
		{3E5C6091-88C5-4435-8B4B-FD31EAB8FE37}.Release|Any CPU.ActiveCfg = Release|Any CPU
		{3E5C6091-88C5-4435-8B4B-FD31EAB8FE37}.Release|Any CPU.Build.0 = Release|Any CPU
		{3E5C6091-88C5-4435-8B4B-FD31EAB8FE37}.Release|Mixed Platforms.ActiveCfg = Release|Any CPU
		{3E5C6091-88C5-4435-8B4B-FD31EAB8FE37}.Release|Mixed Platforms.Build.0 = Release|Any CPU
		{3E5C6091-88C5-4435-8B4B-FD31EAB8FE37}.Release|Win32.ActiveCfg = Release|Any CPU
		{E4496FFF-165F-4008-8766-4DD086F5D3EC}.Debug|Any CPU.ActiveCfg = Debug|Any CPU
		{E4496FFF-165F-4008-8766-4DD086F5D3EC}.Debug|Any CPU.Build.0 = Debug|Any CPU
		{E4496FFF-165F-4008-8766-4DD086F5D3EC}.Debug|Mixed Platforms.ActiveCfg = Debug|Any CPU
		{E4496FFF-165F-4008-8766-4DD086F5D3EC}.Debug|Mixed Platforms.Build.0 = Debug|Any CPU
		{E4496FFF-165F-4008-8766-4DD086F5D3EC}.Debug|Win32.ActiveCfg = Debug|Any CPU
		{E4496FFF-165F-4008-8766-4DD086F5D3EC}.Release|Any CPU.ActiveCfg = Release|Any CPU
		{E4496FFF-165F-4008-8766-4DD086F5D3EC}.Release|Any CPU.Build.0 = Release|Any CPU
		{E4496FFF-165F-4008-8766-4DD086F5D3EC}.Release|Mixed Platforms.ActiveCfg = Release|Any CPU
		{E4496FFF-165F-4008-8766-4DD086F5D3EC}.Release|Mixed Platforms.Build.0 = Release|Any CPU
		{E4496FFF-165F-4008-8766-4DD086F5D3EC}.Release|Win32.ActiveCfg = Release|Any CPU
	EndGlobalSection
	GlobalSection(SolutionProperties) = preSolution
		HideSolutionNode = FALSE
	EndGlobalSection
EndGlobal
