
Microsoft Visual Studio Solution File, Format Version 11.00
# Visual Studio 2010
Project("{2150E333-8FDC-42A3-9474-1A3956D46DE8}") = "Solution Files", "Solution Files", "{5336474D-B2D9-49D9-A0BA-15F1FD2D2B81}"
	ProjectSection(SolutionItems) = preProject
		Desktop\Solution Files\CommonProperties.cs = Desktop\Solution Files\CommonProperties.cs
	EndProjectSection
EndProject
Project("{2150E333-8FDC-42A3-9474-1A3956D46DE8}") = "Desktop", "Desktop", "{EA175B50-0DC6-46A8-8A6B-E64931B9CA26}"
EndProject
Project("{2150E333-8FDC-42A3-9474-1A3956D46DE8}") = "Silverlight3", "Silverlight3", "{446B5CE8-FE2A-447C-A095-1E5FE68350C7}"
EndProject
Project("{2150E333-8FDC-42A3-9474-1A3956D46DE8}") = "Solution Items", "Solution Items", "{2E48E4B4-EB32-4390-AD9A-F2424617CC48}"
	ProjectSection(SolutionItems) = preProject
		Local.testsettings = Local.testsettings
		LocalTestRun.testrunconfig = LocalTestRun.testrunconfig
		TraceAndTestImpact.testsettings = TraceAndTestImpact.testsettings
		UpdateControls1.vsmdi = UpdateControls1.vsmdi
	EndProjectSection
EndProject
Project("{FAE04EC0-301F-11D3-BF4B-00C04F79EFBC}") = "UpdateControls", "Desktop\UpdateControls\UpdateControls.csproj", "{FFA4FF30-E11F-476F-A305-EC9FD624C752}"
EndProject
Project("{FAE04EC0-301F-11D3-BF4B-00C04F79EFBC}") = "UpdateControls.Forms", "Desktop\UpdateControls.Forms\UpdateControls.Forms.csproj", "{82338022-D5A1-40B5-8953-E578FF607FCE}"
EndProject
Project("{FAE04EC0-301F-11D3-BF4B-00C04F79EFBC}") = "UpdateControls.XAML", "Desktop\UpdateControls.XAML\UpdateControls.XAML.csproj", "{E4496FFF-165F-4008-8766-4DD086F5D3EC}"
EndProject
Project("{FAE04EC0-301F-11D3-BF4B-00C04F79EFBC}") = "UpdateControls.XAML.Test", "Desktop\UpdateControls.XAML.Test\UpdateControls.XAML.Test.csproj", "{3E5C6091-88C5-4435-8B4B-FD31EAB8FE37}"
EndProject
Project("{FAE04EC0-301F-11D3-BF4B-00C04F79EFBC}") = "UpdateControls.Themes", "Desktop\UpdateControls.Themes\UpdateControls.Themes.csproj", "{0F935F95-D9C7-4CEA-B15A-57BEEC1B5BFA}"
EndProject
Project("{FAE04EC0-301F-11D3-BF4B-00C04F79EFBC}") = "UpdateControls.VSAddIn", "Desktop\UpdateControls.VSAddIn\UpdateControls.VSAddIn.csproj", "{2CAC380D-CA27-498B-BDF1-7170986E57C1}"
EndProject
Project("{FAE04EC0-301F-11D3-BF4B-00C04F79EFBC}") = "UpdateControls.Test", "Desktop\UpdateControls.Test\UpdateControls.Test.csproj", "{C866AE8C-EBFB-4A46-B42F-C8276C2B9CDB}"
EndProject
Project("{FAE04EC0-301F-11D3-BF4B-00C04F79EFBC}") = "UpdateControls.Installer", "Desktop\UpdateControls.Installer\UpdateControls.Installer.csproj", "{2A6347A0-C0BA-4D31-BB43-DFCFB798F7A7}"
EndProject
Project("{54435603-DBB4-11D2-8724-00A0C9A8B90C}") = "UpdateControls.Setup", "Desktop\UpdateControls.Setup\UpdateControls.Setup.vdproj", "{87F14D96-D3CE-4C73-99D5-E89A1341E2C0}"
EndProject
Project("{FAE04EC0-301F-11D3-BF4B-00C04F79EFBC}") = "UpdateControls", "Silverlight\UpdateControls.Light\UpdateControls.csproj", "{BB6E8A4F-6031-4386-A7E2-45DF90C92556}"
EndProject
Project("{FAE04EC0-301F-11D3-BF4B-00C04F79EFBC}") = "UpdateControls.Light.Demo", "Silverlight\UpdateControls.Light.Demo\UpdateControls.Light.Demo.csproj", "{A5424374-189E-4A60-8A91-50AB72E67059}"
EndProject
Project("{FAE04EC0-301F-11D3-BF4B-00C04F79EFBC}") = "UpdateControls.UnitTest", "UpdateControls.UnitTest\UpdateControls.UnitTest.csproj", "{210C6FC0-444F-4247-831D-EE1F6346BB02}"
EndProject
Project("{2150E333-8FDC-42A3-9474-1A3956D46DE8}") = "Silverlight4", "Silverlight4", "{8A25F37E-4875-4D86-8611-265359F21509}"
EndProject
Project("{FAE04EC0-301F-11D3-BF4B-00C04F79EFBC}") = "UpdateControls", "Silverlight4\UpdateControls.Light\UpdateControls.csproj", "{9C929158-63EF-44DE-8EF4-93AF5EABEAAA}"
EndProject
Project("{2150E333-8FDC-42A3-9474-1A3956D46DE8}") = "WP7", "WP7", "{306549E8-C08A-47F3-BE75-0905C5FCF972}"
EndProject
Project("{FAE04EC0-301F-11D3-BF4B-00C04F79EFBC}") = "UpdateControls", "WP7\UpdateControls\UpdateControls.csproj", "{151284DC-04CE-4175-A0F4-5FCC761AA2DB}"
EndProject
Project("{FAE04EC0-301F-11D3-BF4B-00C04F79EFBC}") = "UpdateControls.VSAddIn.UnitTest", "Desktop\UpdateControls.VSAddIn.UnitTest\UpdateControls.VSAddIn.UnitTest.csproj", "{55743A4D-DBD8-4B34-B02A-49B8310336A0}"
EndProject
Project("{FAE04EC0-301F-11D3-BF4B-00C04F79EFBC}") = "UpdateControls.Light.UnitTest", "Silverlight4\UpdateControls.Light.UnitTest\UpdateControls.Light.UnitTest.csproj", "{C250866B-4D06-4E85-B95C-31467DC3A071}"
EndProject
Project("{2150E333-8FDC-42A3-9474-1A3956D46DE8}") = "NuGet", "NuGet", "{B72F82F3-55EA-49AA-951F-B2B7AAE50E7F}"
	ProjectSection(SolutionItems) = preProject
		NuGet\updatecontrols.nuspec = NuGet\updatecontrols.nuspec
	EndProjectSection
EndProject
Project("{FAE04EC0-301F-11D3-BF4B-00C04F79EFBC}") = "UpdateControls.Forms.UnitTest", "Desktop\UpdateControls.Forms.UnitTest\UpdateControls.Forms.UnitTest.csproj", "{D63744EF-6528-417C-A4E2-3AC5A8EA914A}"
EndProject
Project("{FAE04EC0-301F-11D3-BF4B-00C04F79EFBC}") = "UpdateControls.UnitTest", "WP7\UpdateControls.UnitTest\UpdateControls.UnitTest.csproj", "{9931B0A1-9BC2-4500-A4C5-AD1B3FD35937}"
EndProject
Global
	GlobalSection(TeamFoundationVersionControl) = preSolution
		SccNumberOfProjects = 19
		SccEnterpriseProvider = {4CA58AB2-18FA-4F8D-95D4-32DDF27D184C}
		SccTeamFoundationServer = https://tfs.codeplex.com/tfs/tfs07
		SccLocalPath0 = .
		SccProjectUniqueName1 = Desktop\\UpdateControls\\UpdateControls.csproj
		SccProjectTopLevelParentUniqueName1 = UpdateControls.sln
		SccProjectName1 = Desktop/UpdateControls
		SccLocalPath1 = Desktop\\UpdateControls
		SccProjectUniqueName2 = Desktop\\UpdateControls.Forms\\UpdateControls.Forms.csproj
		SccProjectTopLevelParentUniqueName2 = UpdateControls.sln
		SccProjectName2 = Desktop/UpdateControls.Forms
		SccLocalPath2 = Desktop\\UpdateControls.Forms
		SccProjectUniqueName3 = Desktop\\UpdateControls.XAML\\UpdateControls.XAML.csproj
		SccProjectTopLevelParentUniqueName3 = UpdateControls.sln
		SccProjectName3 = Desktop/UpdateControls.XAML
		SccLocalPath3 = Desktop\\UpdateControls.XAML
		SccProjectUniqueName4 = Desktop\\UpdateControls.Themes\\UpdateControls.Themes.csproj
		SccProjectTopLevelParentUniqueName4 = UpdateControls.sln
		SccProjectName4 = Desktop/UpdateControls.Themes
		SccLocalPath4 = Desktop\\UpdateControls.Themes
		SccProjectUniqueName5 = Desktop\\UpdateControls.VSAddIn\\UpdateControls.VSAddIn.csproj
		SccProjectTopLevelParentUniqueName5 = UpdateControls.sln
		SccProjectName5 = Desktop/UpdateControls.VSAddIn
		SccLocalPath5 = Desktop\\UpdateControls.VSAddIn
		SccProjectUniqueName6 = Desktop\\UpdateControls.Test\\UpdateControls.Test.csproj
		SccProjectTopLevelParentUniqueName6 = UpdateControls.sln
		SccProjectName6 = Desktop/UpdateControls.Test
		SccLocalPath6 = Desktop\\UpdateControls.Test
		SccProjectUniqueName7 = Desktop\\UpdateControls.XAML.Test\\UpdateControls.XAML.Test.csproj
		SccProjectTopLevelParentUniqueName7 = UpdateControls.sln
		SccProjectName7 = Desktop/UpdateControls.XAML.Test
		SccLocalPath7 = Desktop\\UpdateControls.XAML.Test
		SccProjectUniqueName8 = Desktop\\UpdateControls.Installer\\UpdateControls.Installer.csproj
		SccProjectTopLevelParentUniqueName8 = UpdateControls.sln
		SccProjectName8 = Desktop/UpdateControls.Installer
		SccLocalPath8 = Desktop\\UpdateControls.Installer
		SccProjectUniqueName9 = Desktop\\UpdateControls.Setup\\UpdateControls.Setup.vdproj
		SccProjectTopLevelParentUniqueName9 = UpdateControls.sln
		SccProjectName9 = Desktop/UpdateControls.Setup
		SccLocalPath9 = Desktop\\UpdateControls.Setup
		SccProjectUniqueName10 = Silverlight\\UpdateControls.Light.Demo\\UpdateControls.Light.Demo.csproj
		SccProjectTopLevelParentUniqueName10 = UpdateControls.sln
		SccProjectName10 = Silverlight/UpdateControls.Light.Demo
		SccLocalPath10 = Silverlight\\UpdateControls.Light.Demo
		SccProjectUniqueName11 = UpdateControls.UnitTest\\UpdateControls.UnitTest.csproj
		SccProjectTopLevelParentUniqueName11 = UpdateControls.sln
		SccProjectName11 = UpdateControls.UnitTest
		SccLocalPath11 = UpdateControls.UnitTest
		SccProjectUniqueName12 = WP7\\UpdateControls\\UpdateControls.csproj
		SccProjectTopLevelParentUniqueName12 = UpdateControls.sln
		SccProjectName12 = WP7/UpdateControls
		SccLocalPath12 = WP7\\UpdateControls
		SccProjectUniqueName13 = Desktop\\UpdateControls.VSAddIn.UnitTest\\UpdateControls.VSAddIn.UnitTest.csproj
		SccProjectTopLevelParentUniqueName13 = UpdateControls.sln
		SccProjectName13 = Desktop/UpdateControls.VSAddIn.UnitTest
		SccLocalPath13 = Desktop\\UpdateControls.VSAddIn.UnitTest
		SccProjectUniqueName14 = Silverlight4\\UpdateControls.Light.UnitTest\\UpdateControls.Light.UnitTest.csproj
		SccProjectTopLevelParentUniqueName14 = UpdateControls.sln
		SccProjectName14 = Silverlight4/UpdateControls.Light.UnitTest
		SccLocalPath14 = Silverlight4\\UpdateControls.Light.UnitTest
		SccProjectUniqueName15 = Silverlight\\UpdateControls.Light\\UpdateControls.csproj
		SccProjectTopLevelParentUniqueName15 = UpdateControls.sln
		SccProjectName15 = Silverlight/UpdateControls.Light
		SccLocalPath15 = Silverlight\\UpdateControls.Light
		SccProjectUniqueName16 = Silverlight4\\UpdateControls.Light\\UpdateControls.csproj
		SccProjectTopLevelParentUniqueName16 = UpdateControls.sln
		SccProjectName16 = Silverlight4/UpdateControls.Light
		SccLocalPath16 = Silverlight4\\UpdateControls.Light
		SccProjectUniqueName17 = Desktop\\UpdateControls.Forms.UnitTest\\UpdateControls.Forms.UnitTest.csproj
		SccProjectTopLevelParentUniqueName17 = UpdateControls.sln
		SccProjectName17 = Desktop/UpdateControls.Forms.UnitTest
		SccLocalPath17 = Desktop\\UpdateControls.Forms.UnitTest
		SccProjectUniqueName18 = WP7\\UpdateControls.UnitTest\\UpdateControls.UnitTest.csproj
		SccProjectTopLevelParentUniqueName18 = UpdateControls.sln
		SccProjectName18 = WP7/UpdateControls.UnitTest
		SccLocalPath18 = WP7\\UpdateControls.UnitTest
	EndGlobalSection
	GlobalSection(TestCaseManagementSettings) = postSolution
		CategoryFile = UpdateControls1.vsmdi
	EndGlobalSection
	GlobalSection(SolutionConfigurationPlatforms) = preSolution
		Debug|Any CPU = Debug|Any CPU
		Release|Any CPU = Release|Any CPU
	EndGlobalSection
	GlobalSection(ProjectConfigurationPlatforms) = postSolution
		{FFA4FF30-E11F-476F-A305-EC9FD624C752}.Debug|Any CPU.ActiveCfg = Debug|Any CPU
		{FFA4FF30-E11F-476F-A305-EC9FD624C752}.Debug|Any CPU.Build.0 = Debug|Any CPU
		{FFA4FF30-E11F-476F-A305-EC9FD624C752}.Release|Any CPU.ActiveCfg = Release|Any CPU
		{FFA4FF30-E11F-476F-A305-EC9FD624C752}.Release|Any CPU.Build.0 = Release|Any CPU
		{82338022-D5A1-40B5-8953-E578FF607FCE}.Debug|Any CPU.ActiveCfg = Debug|Any CPU
		{82338022-D5A1-40B5-8953-E578FF607FCE}.Debug|Any CPU.Build.0 = Debug|Any CPU
		{82338022-D5A1-40B5-8953-E578FF607FCE}.Release|Any CPU.ActiveCfg = Release|Any CPU
		{82338022-D5A1-40B5-8953-E578FF607FCE}.Release|Any CPU.Build.0 = Release|Any CPU
		{E4496FFF-165F-4008-8766-4DD086F5D3EC}.Debug|Any CPU.ActiveCfg = Debug|Any CPU
		{E4496FFF-165F-4008-8766-4DD086F5D3EC}.Debug|Any CPU.Build.0 = Debug|Any CPU
		{E4496FFF-165F-4008-8766-4DD086F5D3EC}.Release|Any CPU.ActiveCfg = Release|Any CPU
		{E4496FFF-165F-4008-8766-4DD086F5D3EC}.Release|Any CPU.Build.0 = Release|Any CPU
		{3E5C6091-88C5-4435-8B4B-FD31EAB8FE37}.Debug|Any CPU.ActiveCfg = Debug|Any CPU
		{3E5C6091-88C5-4435-8B4B-FD31EAB8FE37}.Debug|Any CPU.Build.0 = Debug|Any CPU
		{3E5C6091-88C5-4435-8B4B-FD31EAB8FE37}.Release|Any CPU.ActiveCfg = Release|Any CPU
		{3E5C6091-88C5-4435-8B4B-FD31EAB8FE37}.Release|Any CPU.Build.0 = Release|Any CPU
		{0F935F95-D9C7-4CEA-B15A-57BEEC1B5BFA}.Debug|Any CPU.ActiveCfg = Debug|Any CPU
		{0F935F95-D9C7-4CEA-B15A-57BEEC1B5BFA}.Debug|Any CPU.Build.0 = Debug|Any CPU
		{0F935F95-D9C7-4CEA-B15A-57BEEC1B5BFA}.Release|Any CPU.ActiveCfg = Release|Any CPU
		{0F935F95-D9C7-4CEA-B15A-57BEEC1B5BFA}.Release|Any CPU.Build.0 = Release|Any CPU
		{2CAC380D-CA27-498B-BDF1-7170986E57C1}.Debug|Any CPU.ActiveCfg = Debug|Any CPU
		{2CAC380D-CA27-498B-BDF1-7170986E57C1}.Debug|Any CPU.Build.0 = Debug|Any CPU
		{2CAC380D-CA27-498B-BDF1-7170986E57C1}.Release|Any CPU.ActiveCfg = Release|Any CPU
		{2CAC380D-CA27-498B-BDF1-7170986E57C1}.Release|Any CPU.Build.0 = Release|Any CPU
		{C866AE8C-EBFB-4A46-B42F-C8276C2B9CDB}.Debug|Any CPU.ActiveCfg = Debug|Any CPU
		{C866AE8C-EBFB-4A46-B42F-C8276C2B9CDB}.Debug|Any CPU.Build.0 = Debug|Any CPU
		{C866AE8C-EBFB-4A46-B42F-C8276C2B9CDB}.Release|Any CPU.ActiveCfg = Release|Any CPU
		{C866AE8C-EBFB-4A46-B42F-C8276C2B9CDB}.Release|Any CPU.Build.0 = Release|Any CPU
		{2A6347A0-C0BA-4D31-BB43-DFCFB798F7A7}.Debug|Any CPU.ActiveCfg = Debug|Any CPU
		{2A6347A0-C0BA-4D31-BB43-DFCFB798F7A7}.Debug|Any CPU.Build.0 = Debug|Any CPU
		{2A6347A0-C0BA-4D31-BB43-DFCFB798F7A7}.Release|Any CPU.ActiveCfg = Release|Any CPU
		{2A6347A0-C0BA-4D31-BB43-DFCFB798F7A7}.Release|Any CPU.Build.0 = Release|Any CPU
		{87F14D96-D3CE-4C73-99D5-E89A1341E2C0}.Debug|Any CPU.ActiveCfg = Debug
		{87F14D96-D3CE-4C73-99D5-E89A1341E2C0}.Release|Any CPU.ActiveCfg = Release
		{87F14D96-D3CE-4C73-99D5-E89A1341E2C0}.Release|Any CPU.Build.0 = Release
		{BB6E8A4F-6031-4386-A7E2-45DF90C92556}.Debug|Any CPU.ActiveCfg = Debug|Any CPU
		{BB6E8A4F-6031-4386-A7E2-45DF90C92556}.Debug|Any CPU.Build.0 = Debug|Any CPU
		{BB6E8A4F-6031-4386-A7E2-45DF90C92556}.Release|Any CPU.ActiveCfg = Release|Any CPU
		{BB6E8A4F-6031-4386-A7E2-45DF90C92556}.Release|Any CPU.Build.0 = Release|Any CPU
		{A5424374-189E-4A60-8A91-50AB72E67059}.Debug|Any CPU.ActiveCfg = Debug|Any CPU
		{A5424374-189E-4A60-8A91-50AB72E67059}.Debug|Any CPU.Build.0 = Debug|Any CPU
		{A5424374-189E-4A60-8A91-50AB72E67059}.Release|Any CPU.ActiveCfg = Release|Any CPU
		{A5424374-189E-4A60-8A91-50AB72E67059}.Release|Any CPU.Build.0 = Release|Any CPU
		{210C6FC0-444F-4247-831D-EE1F6346BB02}.Debug|Any CPU.ActiveCfg = Debug|Any CPU
		{210C6FC0-444F-4247-831D-EE1F6346BB02}.Debug|Any CPU.Build.0 = Debug|Any CPU
		{210C6FC0-444F-4247-831D-EE1F6346BB02}.Release|Any CPU.ActiveCfg = Release|Any CPU
		{210C6FC0-444F-4247-831D-EE1F6346BB02}.Release|Any CPU.Build.0 = Release|Any CPU
		{9C929158-63EF-44DE-8EF4-93AF5EABEAAA}.Debug|Any CPU.ActiveCfg = Debug|Any CPU
		{9C929158-63EF-44DE-8EF4-93AF5EABEAAA}.Debug|Any CPU.Build.0 = Debug|Any CPU
		{9C929158-63EF-44DE-8EF4-93AF5EABEAAA}.Release|Any CPU.ActiveCfg = Release|Any CPU
		{9C929158-63EF-44DE-8EF4-93AF5EABEAAA}.Release|Any CPU.Build.0 = Release|Any CPU
		{151284DC-04CE-4175-A0F4-5FCC761AA2DB}.Debug|Any CPU.ActiveCfg = Debug|Any CPU
		{151284DC-04CE-4175-A0F4-5FCC761AA2DB}.Debug|Any CPU.Build.0 = Debug|Any CPU
		{151284DC-04CE-4175-A0F4-5FCC761AA2DB}.Release|Any CPU.ActiveCfg = Release|Any CPU
		{151284DC-04CE-4175-A0F4-5FCC761AA2DB}.Release|Any CPU.Build.0 = Release|Any CPU
		{55743A4D-DBD8-4B34-B02A-49B8310336A0}.Debug|Any CPU.ActiveCfg = Debug|Any CPU
		{55743A4D-DBD8-4B34-B02A-49B8310336A0}.Debug|Any CPU.Build.0 = Debug|Any CPU
		{55743A4D-DBD8-4B34-B02A-49B8310336A0}.Release|Any CPU.ActiveCfg = Release|Any CPU
		{55743A4D-DBD8-4B34-B02A-49B8310336A0}.Release|Any CPU.Build.0 = Release|Any CPU
		{C250866B-4D06-4E85-B95C-31467DC3A071}.Debug|Any CPU.ActiveCfg = Debug|Any CPU
		{C250866B-4D06-4E85-B95C-31467DC3A071}.Debug|Any CPU.Build.0 = Debug|Any CPU
		{C250866B-4D06-4E85-B95C-31467DC3A071}.Release|Any CPU.ActiveCfg = Release|Any CPU
		{C250866B-4D06-4E85-B95C-31467DC3A071}.Release|Any CPU.Build.0 = Release|Any CPU
		{D63744EF-6528-417C-A4E2-3AC5A8EA914A}.Debug|Any CPU.ActiveCfg = Debug|Any CPU
		{D63744EF-6528-417C-A4E2-3AC5A8EA914A}.Debug|Any CPU.Build.0 = Debug|Any CPU
		{D63744EF-6528-417C-A4E2-3AC5A8EA914A}.Release|Any CPU.ActiveCfg = Release|Any CPU
		{D63744EF-6528-417C-A4E2-3AC5A8EA914A}.Release|Any CPU.Build.0 = Release|Any CPU
		{9931B0A1-9BC2-4500-A4C5-AD1B3FD35937}.Debug|Any CPU.ActiveCfg = Debug|Any CPU
		{9931B0A1-9BC2-4500-A4C5-AD1B3FD35937}.Debug|Any CPU.Build.0 = Debug|Any CPU
		{9931B0A1-9BC2-4500-A4C5-AD1B3FD35937}.Debug|Any CPU.Deploy.0 = Debug|Any CPU
		{9931B0A1-9BC2-4500-A4C5-AD1B3FD35937}.Release|Any CPU.ActiveCfg = Release|Any CPU
		{9931B0A1-9BC2-4500-A4C5-AD1B3FD35937}.Release|Any CPU.Build.0 = Release|Any CPU
		{9931B0A1-9BC2-4500-A4C5-AD1B3FD35937}.Release|Any CPU.Deploy.0 = Release|Any CPU
	EndGlobalSection
	GlobalSection(SolutionProperties) = preSolution
		HideSolutionNode = FALSE
	EndGlobalSection
	GlobalSection(NestedProjects) = preSolution
		{5336474D-B2D9-49D9-A0BA-15F1FD2D2B81} = {EA175B50-0DC6-46A8-8A6B-E64931B9CA26}
		{2E48E4B4-EB32-4390-AD9A-F2424617CC48} = {EA175B50-0DC6-46A8-8A6B-E64931B9CA26}
		{FFA4FF30-E11F-476F-A305-EC9FD624C752} = {EA175B50-0DC6-46A8-8A6B-E64931B9CA26}
		{82338022-D5A1-40B5-8953-E578FF607FCE} = {EA175B50-0DC6-46A8-8A6B-E64931B9CA26}
		{E4496FFF-165F-4008-8766-4DD086F5D3EC} = {EA175B50-0DC6-46A8-8A6B-E64931B9CA26}
		{3E5C6091-88C5-4435-8B4B-FD31EAB8FE37} = {EA175B50-0DC6-46A8-8A6B-E64931B9CA26}
		{0F935F95-D9C7-4CEA-B15A-57BEEC1B5BFA} = {EA175B50-0DC6-46A8-8A6B-E64931B9CA26}
		{2CAC380D-CA27-498B-BDF1-7170986E57C1} = {EA175B50-0DC6-46A8-8A6B-E64931B9CA26}
		{C866AE8C-EBFB-4A46-B42F-C8276C2B9CDB} = {EA175B50-0DC6-46A8-8A6B-E64931B9CA26}
		{2A6347A0-C0BA-4D31-BB43-DFCFB798F7A7} = {EA175B50-0DC6-46A8-8A6B-E64931B9CA26}
		{87F14D96-D3CE-4C73-99D5-E89A1341E2C0} = {EA175B50-0DC6-46A8-8A6B-E64931B9CA26}
		{210C6FC0-444F-4247-831D-EE1F6346BB02} = {EA175B50-0DC6-46A8-8A6B-E64931B9CA26}
		{55743A4D-DBD8-4B34-B02A-49B8310336A0} = {EA175B50-0DC6-46A8-8A6B-E64931B9CA26}
		{D63744EF-6528-417C-A4E2-3AC5A8EA914A} = {EA175B50-0DC6-46A8-8A6B-E64931B9CA26}
		{BB6E8A4F-6031-4386-A7E2-45DF90C92556} = {446B5CE8-FE2A-447C-A095-1E5FE68350C7}
		{A5424374-189E-4A60-8A91-50AB72E67059} = {446B5CE8-FE2A-447C-A095-1E5FE68350C7}
		{9C929158-63EF-44DE-8EF4-93AF5EABEAAA} = {8A25F37E-4875-4D86-8611-265359F21509}
		{C250866B-4D06-4E85-B95C-31467DC3A071} = {8A25F37E-4875-4D86-8611-265359F21509}
		{151284DC-04CE-4175-A0F4-5FCC761AA2DB} = {306549E8-C08A-47F3-BE75-0905C5FCF972}
		{9931B0A1-9BC2-4500-A4C5-AD1B3FD35937} = {306549E8-C08A-47F3-BE75-0905C5FCF972}
	EndGlobalSection
EndGlobal
