
Microsoft Visual Studio Solution File, Format Version 12.00
# Visual Studio 2013
VisualStudioVersion = 12.0.21005.1
MinimumVisualStudioVersion = 10.0.40219.1
Project("{2150E333-8FDC-42A3-9474-1A3956D46DE8}") = "Portable", "Portable", "{0448634F-FB61-438A-A6F3-0144866310AF}"
EndProject
Project("{2150E333-8FDC-42A3-9474-1A3956D46DE8}") = "WindowsStore", "WindowsStore", "{A34BDF05-E14A-4E68-90F3-ECFCE2B17A19}"
EndProject
Project("{2150E333-8FDC-42A3-9474-1A3956D46DE8}") = "WPF", "WPF", "{72330116-FA55-4857-B4F4-D78400BD506E}"
EndProject
Project("{2150E333-8FDC-42A3-9474-1A3956D46DE8}") = "Silverlight", "Silverlight", "{B7FE118C-C0B1-4735-B4BE-C12C28AB4DE7}"
EndProject
Project("{2150E333-8FDC-42A3-9474-1A3956D46DE8}") = "WindowsPhone", "WindowsPhone", "{FF3369E1-6410-41DC-8E7B-F1598293EC20}"
EndProject
Project("{2150E333-8FDC-42A3-9474-1A3956D46DE8}") = "WindowsForms", "WindowsForms", "{9642FAB5-5A0E-43D1-B212-D3EBA2940FB2}"
EndProject
Project("{FAE04EC0-301F-11D3-BF4B-00C04F79EFBC}") = "UpdateControls", "Portable\UpdateControls\UpdateControls.csproj", "{0F197CDB-CF38-438B-90AD-1B4F0976061E}"
EndProject
Project("{FAE04EC0-301F-11D3-BF4B-00C04F79EFBC}") = "UpdateControls.Test", "Portable\UpdateControls.Test\UpdateControls.Test.csproj", "{B107C9D8-0F56-4923-BDDD-92653EC82E5A}"
EndProject
Project("{FAE04EC0-301F-11D3-BF4B-00C04F79EFBC}") = "UpdateControls.XAML", "WindowsStore\UpdateControls.XAML\UpdateControls.XAML.csproj", "{6D17230D-75E8-41D5-B26C-6AD517E769FB}"
EndProject
Project("{FAE04EC0-301F-11D3-BF4B-00C04F79EFBC}") = "UpdateControls.Test.App", "WindowsStore\UpdateControls.Test.App\UpdateControls.Test.App.csproj", "{A1077BA7-8697-4816-8BE9-F26DF8E4198E}"
EndProject
Project("{FAE04EC0-301F-11D3-BF4B-00C04F79EFBC}") = "UpdateControls.XAML", "WPF\UpdateControls.XAML\UpdateControls.XAML.csproj", "{FEFABF21-E62D-4E4A-A51A-30803EDFA37F}"
EndProject
Project("{FAE04EC0-301F-11D3-BF4B-00C04F79EFBC}") = "UpdateControls.Forms", "WindowsForms\UpdateControls.Forms\UpdateControls.Forms.csproj", "{A559D316-B196-4469-9B83-83682CB5F55D}"
EndProject
Project("{FAE04EC0-301F-11D3-BF4B-00C04F79EFBC}") = "UpdateControls.XAML", "Silverlight\UpdateControls.XAML\UpdateControls.XAML.csproj", "{A618A92D-ADE7-4E18-9AA7-CEA45B5C322E}"
EndProject
Project("{FAE04EC0-301F-11D3-BF4B-00C04F79EFBC}") = "UpdateControls.XAML", "WindowsPhone\UpdateControls.XAML\UpdateControls.XAML.csproj", "{97025838-8BB3-46DF-8058-4E890CAFFB63}"
EndProject
Project("{2150E333-8FDC-42A3-9474-1A3956D46DE8}") = "NuGet", "NuGet", "{7426ECC1-F6B4-4C5C-82BB-60C93EEFE722}"
EndProject
Project("{2150E333-8FDC-42A3-9474-1A3956D46DE8}") = "App", "App", "{52C0E9FE-0633-4836-BEA5-E5C1211E41FF}"
	ProjectSection(SolutionItems) = preProject
		NuGet\App\UpdateControls.App.nuspec = NuGet\App\UpdateControls.App.nuspec
	EndProjectSection
EndProject
Project("{2150E333-8FDC-42A3-9474-1A3956D46DE8}") = "Core", "Core", "{C914E5EC-FD1A-4E30-8CF9-EF4950F9D597}"
	ProjectSection(SolutionItems) = preProject
		NuGet\Core\updatecontrols.nuspec = NuGet\Core\updatecontrols.nuspec
	EndProjectSection
EndProject
Project("{2150E333-8FDC-42A3-9474-1A3956D46DE8}") = "Snippets", "Snippets", "{CB7CADA3-8466-4CED-A7BB-0A0A51D5280E}"
	ProjectSection(SolutionItems) = preProject
		NuGet\Snippets\updatecontrols.snippets.nuspec = NuGet\Snippets\updatecontrols.snippets.nuspec
	EndProjectSection
EndProject
Project("{2150E333-8FDC-42A3-9474-1A3956D46DE8}") = "content", "content", "{79A90AAC-3AE6-4B40-8495-D422426D03EC}"
	ProjectSection(SolutionItems) = preProject
		NuGet\App\content\Readme_UpdateControls.txt.pp = NuGet\App\content\Readme_UpdateControls.txt.pp
	EndProjectSection
EndProject
Project("{2150E333-8FDC-42A3-9474-1A3956D46DE8}") = "Models", "Models", "{FCA02035-9681-4BAA-AF4F-0AD27CA5AD5B}"
	ProjectSection(SolutionItems) = preProject
		NuGet\App\content\Models\Document.cs.pp = NuGet\App\content\Models\Document.cs.pp
		NuGet\App\content\Models\Item.cs.pp = NuGet\App\content\Models\Item.cs.pp
		NuGet\App\content\Models\Selection.cs.pp = NuGet\App\content\Models\Selection.cs.pp
	EndProjectSection
EndProject
Project("{2150E333-8FDC-42A3-9474-1A3956D46DE8}") = "ViewModels", "ViewModels", "{A21433EC-B2F2-42CB-AE89-72417F2980BC}"
	ProjectSection(SolutionItems) = preProject
		NuGet\App\content\ViewModels\ItemHeader.cs.pp = NuGet\App\content\ViewModels\ItemHeader.cs.pp
		NuGet\App\content\ViewModels\ItemViewModel.cs.pp = NuGet\App\content\ViewModels\ItemViewModel.cs.pp
		NuGet\App\content\ViewModels\MainViewModel.cs.pp = NuGet\App\content\ViewModels\MainViewModel.cs.pp
		NuGet\App\content\ViewModels\ViewModelLocator.cs.pp = NuGet\App\content\ViewModels\ViewModelLocator.cs.pp
	EndProjectSection
EndProject
Project("{2150E333-8FDC-42A3-9474-1A3956D46DE8}") = "content", "content", "{A2802567-5D9B-4237-9BCE-DEF3066F2526}"
	ProjectSection(SolutionItems) = preProject
		NuGet\Snippets\content\Readme_UpdateControls_Snippets.txt = NuGet\Snippets\content\Readme_UpdateControls_Snippets.txt
	EndProjectSection
EndProject
Project("{2150E333-8FDC-42A3-9474-1A3956D46DE8}") = "tools", "tools", "{B8210BF2-0F3D-4204-9512-DA83421236A8}"
	ProjectSection(SolutionItems) = preProject
		NuGet\Snippets\tools\dep.snippet = NuGet\Snippets\tools\dep.snippet
		NuGet\Snippets\tools\depList.snippet = NuGet\Snippets\tools\depList.snippet
		NuGet\Snippets\tools\ind.snippet = NuGet\Snippets\tools\ind.snippet
		NuGet\Snippets\tools\indList.snippet = NuGet\Snippets\tools\indList.snippet
		NuGet\Snippets\tools\install.ps1 = NuGet\Snippets\tools\install.ps1
		NuGet\Snippets\tools\uninstall.ps1 = NuGet\Snippets\tools\uninstall.ps1
	EndProjectSection
EndProject
Project("{2150E333-8FDC-42A3-9474-1A3956D46DE8}") = ".nuget", ".nuget", "{9E041F2A-5942-4220-A81B-D4F31597FFA4}"
	ProjectSection(SolutionItems) = preProject
		.nuget\NuGet.Config = .nuget\NuGet.Config
		.nuget\NuGet.exe = .nuget\NuGet.exe
		.nuget\NuGet.targets = .nuget\NuGet.targets
	EndProjectSection
EndProject
Project("{FAE04EC0-301F-11D3-BF4B-00C04F79EFBC}") = "UpdateControls.UnitTest", "Portable\UpdateControls.UnitTest\UpdateControls.UnitTest.csproj", "{664C559F-A3E9-46AE-A3C5-D95E2E8FB5C2}"
EndProject
Global
	GlobalSection(SolutionConfigurationPlatforms) = preSolution
		Debug|Any CPU = Debug|Any CPU
		Debug|ARM = Debug|ARM
		Debug|x64 = Debug|x64
		Debug|x86 = Debug|x86
		Release|Any CPU = Release|Any CPU
		Release|ARM = Release|ARM
		Release|x64 = Release|x64
		Release|x86 = Release|x86
	EndGlobalSection
	GlobalSection(ProjectConfigurationPlatforms) = postSolution
		{0F197CDB-CF38-438B-90AD-1B4F0976061E}.Debug|Any CPU.ActiveCfg = Debug|Any CPU
		{0F197CDB-CF38-438B-90AD-1B4F0976061E}.Debug|Any CPU.Build.0 = Debug|Any CPU
		{0F197CDB-CF38-438B-90AD-1B4F0976061E}.Debug|ARM.ActiveCfg = Debug|Any CPU
		{0F197CDB-CF38-438B-90AD-1B4F0976061E}.Debug|x64.ActiveCfg = Debug|Any CPU
		{0F197CDB-CF38-438B-90AD-1B4F0976061E}.Debug|x86.ActiveCfg = Debug|Any CPU
		{0F197CDB-CF38-438B-90AD-1B4F0976061E}.Release|Any CPU.ActiveCfg = Release|Any CPU
		{0F197CDB-CF38-438B-90AD-1B4F0976061E}.Release|Any CPU.Build.0 = Release|Any CPU
		{0F197CDB-CF38-438B-90AD-1B4F0976061E}.Release|ARM.ActiveCfg = Release|Any CPU
		{0F197CDB-CF38-438B-90AD-1B4F0976061E}.Release|x64.ActiveCfg = Release|Any CPU
		{0F197CDB-CF38-438B-90AD-1B4F0976061E}.Release|x86.ActiveCfg = Release|Any CPU
		{B107C9D8-0F56-4923-BDDD-92653EC82E5A}.Debug|Any CPU.ActiveCfg = Debug|Any CPU
		{B107C9D8-0F56-4923-BDDD-92653EC82E5A}.Debug|Any CPU.Build.0 = Debug|Any CPU
		{B107C9D8-0F56-4923-BDDD-92653EC82E5A}.Debug|ARM.ActiveCfg = Debug|Any CPU
		{B107C9D8-0F56-4923-BDDD-92653EC82E5A}.Debug|x64.ActiveCfg = Debug|Any CPU
		{B107C9D8-0F56-4923-BDDD-92653EC82E5A}.Debug|x86.ActiveCfg = Debug|Any CPU
		{B107C9D8-0F56-4923-BDDD-92653EC82E5A}.Release|Any CPU.ActiveCfg = Release|Any CPU
		{B107C9D8-0F56-4923-BDDD-92653EC82E5A}.Release|Any CPU.Build.0 = Release|Any CPU
		{B107C9D8-0F56-4923-BDDD-92653EC82E5A}.Release|ARM.ActiveCfg = Release|Any CPU
		{B107C9D8-0F56-4923-BDDD-92653EC82E5A}.Release|x64.ActiveCfg = Release|Any CPU
		{B107C9D8-0F56-4923-BDDD-92653EC82E5A}.Release|x86.ActiveCfg = Release|Any CPU
		{6D17230D-75E8-41D5-B26C-6AD517E769FB}.Debug|Any CPU.ActiveCfg = Debug|Any CPU
		{6D17230D-75E8-41D5-B26C-6AD517E769FB}.Debug|Any CPU.Build.0 = Debug|Any CPU
		{6D17230D-75E8-41D5-B26C-6AD517E769FB}.Debug|ARM.ActiveCfg = Debug|ARM
		{6D17230D-75E8-41D5-B26C-6AD517E769FB}.Debug|ARM.Build.0 = Debug|ARM
		{6D17230D-75E8-41D5-B26C-6AD517E769FB}.Debug|x64.ActiveCfg = Debug|x64
		{6D17230D-75E8-41D5-B26C-6AD517E769FB}.Debug|x64.Build.0 = Debug|x64
		{6D17230D-75E8-41D5-B26C-6AD517E769FB}.Debug|x86.ActiveCfg = Debug|x86
		{6D17230D-75E8-41D5-B26C-6AD517E769FB}.Debug|x86.Build.0 = Debug|x86
		{6D17230D-75E8-41D5-B26C-6AD517E769FB}.Release|Any CPU.ActiveCfg = Release|Any CPU
		{6D17230D-75E8-41D5-B26C-6AD517E769FB}.Release|Any CPU.Build.0 = Release|Any CPU
		{6D17230D-75E8-41D5-B26C-6AD517E769FB}.Release|ARM.ActiveCfg = Release|ARM
		{6D17230D-75E8-41D5-B26C-6AD517E769FB}.Release|ARM.Build.0 = Release|ARM
		{6D17230D-75E8-41D5-B26C-6AD517E769FB}.Release|x64.ActiveCfg = Release|x64
		{6D17230D-75E8-41D5-B26C-6AD517E769FB}.Release|x64.Build.0 = Release|x64
		{6D17230D-75E8-41D5-B26C-6AD517E769FB}.Release|x86.ActiveCfg = Release|x86
		{6D17230D-75E8-41D5-B26C-6AD517E769FB}.Release|x86.Build.0 = Release|x86
		{A1077BA7-8697-4816-8BE9-F26DF8E4198E}.Debug|Any CPU.ActiveCfg = Debug|Any CPU
		{A1077BA7-8697-4816-8BE9-F26DF8E4198E}.Debug|Any CPU.Build.0 = Debug|Any CPU
		{A1077BA7-8697-4816-8BE9-F26DF8E4198E}.Debug|Any CPU.Deploy.0 = Debug|Any CPU
		{A1077BA7-8697-4816-8BE9-F26DF8E4198E}.Debug|ARM.ActiveCfg = Debug|ARM
		{A1077BA7-8697-4816-8BE9-F26DF8E4198E}.Debug|ARM.Build.0 = Debug|ARM
		{A1077BA7-8697-4816-8BE9-F26DF8E4198E}.Debug|ARM.Deploy.0 = Debug|ARM
		{A1077BA7-8697-4816-8BE9-F26DF8E4198E}.Debug|x64.ActiveCfg = Debug|x64
		{A1077BA7-8697-4816-8BE9-F26DF8E4198E}.Debug|x64.Build.0 = Debug|x64
		{A1077BA7-8697-4816-8BE9-F26DF8E4198E}.Debug|x64.Deploy.0 = Debug|x64
		{A1077BA7-8697-4816-8BE9-F26DF8E4198E}.Debug|x86.ActiveCfg = Debug|x86
		{A1077BA7-8697-4816-8BE9-F26DF8E4198E}.Debug|x86.Build.0 = Debug|x86
		{A1077BA7-8697-4816-8BE9-F26DF8E4198E}.Debug|x86.Deploy.0 = Debug|x86
		{A1077BA7-8697-4816-8BE9-F26DF8E4198E}.Release|Any CPU.ActiveCfg = Release|Any CPU
		{A1077BA7-8697-4816-8BE9-F26DF8E4198E}.Release|Any CPU.Build.0 = Release|Any CPU
		{A1077BA7-8697-4816-8BE9-F26DF8E4198E}.Release|Any CPU.Deploy.0 = Release|Any CPU
		{A1077BA7-8697-4816-8BE9-F26DF8E4198E}.Release|ARM.ActiveCfg = Release|ARM
		{A1077BA7-8697-4816-8BE9-F26DF8E4198E}.Release|ARM.Build.0 = Release|ARM
		{A1077BA7-8697-4816-8BE9-F26DF8E4198E}.Release|ARM.Deploy.0 = Release|ARM
		{A1077BA7-8697-4816-8BE9-F26DF8E4198E}.Release|x64.ActiveCfg = Release|x64
		{A1077BA7-8697-4816-8BE9-F26DF8E4198E}.Release|x64.Build.0 = Release|x64
		{A1077BA7-8697-4816-8BE9-F26DF8E4198E}.Release|x64.Deploy.0 = Release|x64
		{A1077BA7-8697-4816-8BE9-F26DF8E4198E}.Release|x86.ActiveCfg = Release|x86
		{A1077BA7-8697-4816-8BE9-F26DF8E4198E}.Release|x86.Build.0 = Release|x86
		{A1077BA7-8697-4816-8BE9-F26DF8E4198E}.Release|x86.Deploy.0 = Release|x86
		{FEFABF21-E62D-4E4A-A51A-30803EDFA37F}.Debug|Any CPU.ActiveCfg = Debug|Any CPU
		{FEFABF21-E62D-4E4A-A51A-30803EDFA37F}.Debug|Any CPU.Build.0 = Debug|Any CPU
		{FEFABF21-E62D-4E4A-A51A-30803EDFA37F}.Debug|ARM.ActiveCfg = Debug|Any CPU
		{FEFABF21-E62D-4E4A-A51A-30803EDFA37F}.Debug|x64.ActiveCfg = Debug|Any CPU
		{FEFABF21-E62D-4E4A-A51A-30803EDFA37F}.Debug|x86.ActiveCfg = Debug|Any CPU
		{FEFABF21-E62D-4E4A-A51A-30803EDFA37F}.Release|Any CPU.ActiveCfg = Release|Any CPU
		{FEFABF21-E62D-4E4A-A51A-30803EDFA37F}.Release|Any CPU.Build.0 = Release|Any CPU
		{FEFABF21-E62D-4E4A-A51A-30803EDFA37F}.Release|ARM.ActiveCfg = Release|Any CPU
		{FEFABF21-E62D-4E4A-A51A-30803EDFA37F}.Release|x64.ActiveCfg = Release|Any CPU
		{FEFABF21-E62D-4E4A-A51A-30803EDFA37F}.Release|x86.ActiveCfg = Release|Any CPU
		{A559D316-B196-4469-9B83-83682CB5F55D}.Debug|Any CPU.ActiveCfg = Debug|Any CPU
		{A559D316-B196-4469-9B83-83682CB5F55D}.Debug|Any CPU.Build.0 = Debug|Any CPU
		{A559D316-B196-4469-9B83-83682CB5F55D}.Debug|ARM.ActiveCfg = Debug|Any CPU
		{A559D316-B196-4469-9B83-83682CB5F55D}.Debug|x64.ActiveCfg = Debug|Any CPU
		{A559D316-B196-4469-9B83-83682CB5F55D}.Debug|x86.ActiveCfg = Debug|Any CPU
		{A559D316-B196-4469-9B83-83682CB5F55D}.Release|Any CPU.ActiveCfg = Release|Any CPU
		{A559D316-B196-4469-9B83-83682CB5F55D}.Release|Any CPU.Build.0 = Release|Any CPU
		{A559D316-B196-4469-9B83-83682CB5F55D}.Release|ARM.ActiveCfg = Release|Any CPU
		{A559D316-B196-4469-9B83-83682CB5F55D}.Release|x64.ActiveCfg = Release|Any CPU
		{A559D316-B196-4469-9B83-83682CB5F55D}.Release|x86.ActiveCfg = Release|Any CPU
		{A618A92D-ADE7-4E18-9AA7-CEA45B5C322E}.Debug|Any CPU.ActiveCfg = Debug|Any CPU
		{A618A92D-ADE7-4E18-9AA7-CEA45B5C322E}.Debug|Any CPU.Build.0 = Debug|Any CPU
		{A618A92D-ADE7-4E18-9AA7-CEA45B5C322E}.Debug|ARM.ActiveCfg = Debug|Any CPU
		{A618A92D-ADE7-4E18-9AA7-CEA45B5C322E}.Debug|x64.ActiveCfg = Debug|Any CPU
		{A618A92D-ADE7-4E18-9AA7-CEA45B5C322E}.Debug|x86.ActiveCfg = Debug|Any CPU
		{A618A92D-ADE7-4E18-9AA7-CEA45B5C322E}.Release|Any CPU.ActiveCfg = Release|Any CPU
		{A618A92D-ADE7-4E18-9AA7-CEA45B5C322E}.Release|Any CPU.Build.0 = Release|Any CPU
		{A618A92D-ADE7-4E18-9AA7-CEA45B5C322E}.Release|ARM.ActiveCfg = Release|Any CPU
		{A618A92D-ADE7-4E18-9AA7-CEA45B5C322E}.Release|x64.ActiveCfg = Release|Any CPU
		{A618A92D-ADE7-4E18-9AA7-CEA45B5C322E}.Release|x86.ActiveCfg = Release|Any CPU
		{97025838-8BB3-46DF-8058-4E890CAFFB63}.Debug|Any CPU.ActiveCfg = Debug|Any CPU
		{97025838-8BB3-46DF-8058-4E890CAFFB63}.Debug|Any CPU.Build.0 = Debug|Any CPU
		{97025838-8BB3-46DF-8058-4E890CAFFB63}.Debug|ARM.ActiveCfg = Debug|ARM
		{97025838-8BB3-46DF-8058-4E890CAFFB63}.Debug|ARM.Build.0 = Debug|ARM
		{97025838-8BB3-46DF-8058-4E890CAFFB63}.Debug|x64.ActiveCfg = Debug|Any CPU
		{97025838-8BB3-46DF-8058-4E890CAFFB63}.Debug|x86.ActiveCfg = Debug|x86
		{97025838-8BB3-46DF-8058-4E890CAFFB63}.Debug|x86.Build.0 = Debug|x86
		{97025838-8BB3-46DF-8058-4E890CAFFB63}.Release|Any CPU.ActiveCfg = Release|Any CPU
		{97025838-8BB3-46DF-8058-4E890CAFFB63}.Release|Any CPU.Build.0 = Release|Any CPU
		{97025838-8BB3-46DF-8058-4E890CAFFB63}.Release|ARM.ActiveCfg = Release|ARM
		{97025838-8BB3-46DF-8058-4E890CAFFB63}.Release|ARM.Build.0 = Release|ARM
		{97025838-8BB3-46DF-8058-4E890CAFFB63}.Release|x64.ActiveCfg = Release|Any CPU
		{97025838-8BB3-46DF-8058-4E890CAFFB63}.Release|x86.ActiveCfg = Release|x86
		{97025838-8BB3-46DF-8058-4E890CAFFB63}.Release|x86.Build.0 = Release|x86
		{664C559F-A3E9-46AE-A3C5-D95E2E8FB5C2}.Debug|Any CPU.ActiveCfg = Debug|Any CPU
		{664C559F-A3E9-46AE-A3C5-D95E2E8FB5C2}.Debug|Any CPU.Build.0 = Debug|Any CPU
		{664C559F-A3E9-46AE-A3C5-D95E2E8FB5C2}.Debug|ARM.ActiveCfg = Debug|Any CPU
		{664C559F-A3E9-46AE-A3C5-D95E2E8FB5C2}.Debug|x64.ActiveCfg = Debug|Any CPU
		{664C559F-A3E9-46AE-A3C5-D95E2E8FB5C2}.Debug|x86.ActiveCfg = Debug|Any CPU
		{664C559F-A3E9-46AE-A3C5-D95E2E8FB5C2}.Release|Any CPU.ActiveCfg = Release|Any CPU
		{664C559F-A3E9-46AE-A3C5-D95E2E8FB5C2}.Release|Any CPU.Build.0 = Release|Any CPU
		{664C559F-A3E9-46AE-A3C5-D95E2E8FB5C2}.Release|ARM.ActiveCfg = Release|Any CPU
		{664C559F-A3E9-46AE-A3C5-D95E2E8FB5C2}.Release|x64.ActiveCfg = Release|Any CPU
		{664C559F-A3E9-46AE-A3C5-D95E2E8FB5C2}.Release|x86.ActiveCfg = Release|Any CPU
	EndGlobalSection
	GlobalSection(SolutionProperties) = preSolution
		HideSolutionNode = FALSE
	EndGlobalSection
	GlobalSection(NestedProjects) = preSolution
		{0F197CDB-CF38-438B-90AD-1B4F0976061E} = {0448634F-FB61-438A-A6F3-0144866310AF}
		{B107C9D8-0F56-4923-BDDD-92653EC82E5A} = {0448634F-FB61-438A-A6F3-0144866310AF}
		{664C559F-A3E9-46AE-A3C5-D95E2E8FB5C2} = {0448634F-FB61-438A-A6F3-0144866310AF}
		{6D17230D-75E8-41D5-B26C-6AD517E769FB} = {A34BDF05-E14A-4E68-90F3-ECFCE2B17A19}
		{A1077BA7-8697-4816-8BE9-F26DF8E4198E} = {A34BDF05-E14A-4E68-90F3-ECFCE2B17A19}
		{FEFABF21-E62D-4E4A-A51A-30803EDFA37F} = {72330116-FA55-4857-B4F4-D78400BD506E}
		{A618A92D-ADE7-4E18-9AA7-CEA45B5C322E} = {B7FE118C-C0B1-4735-B4BE-C12C28AB4DE7}
		{97025838-8BB3-46DF-8058-4E890CAFFB63} = {FF3369E1-6410-41DC-8E7B-F1598293EC20}
		{A559D316-B196-4469-9B83-83682CB5F55D} = {9642FAB5-5A0E-43D1-B212-D3EBA2940FB2}
		{52C0E9FE-0633-4836-BEA5-E5C1211E41FF} = {7426ECC1-F6B4-4C5C-82BB-60C93EEFE722}
		{C914E5EC-FD1A-4E30-8CF9-EF4950F9D597} = {7426ECC1-F6B4-4C5C-82BB-60C93EEFE722}
		{CB7CADA3-8466-4CED-A7BB-0A0A51D5280E} = {7426ECC1-F6B4-4C5C-82BB-60C93EEFE722}
		{79A90AAC-3AE6-4B40-8495-D422426D03EC} = {52C0E9FE-0633-4836-BEA5-E5C1211E41FF}
		{FCA02035-9681-4BAA-AF4F-0AD27CA5AD5B} = {52C0E9FE-0633-4836-BEA5-E5C1211E41FF}
		{A21433EC-B2F2-42CB-AE89-72417F2980BC} = {52C0E9FE-0633-4836-BEA5-E5C1211E41FF}
		{A2802567-5D9B-4237-9BCE-DEF3066F2526} = {CB7CADA3-8466-4CED-A7BB-0A0A51D5280E}
		{B8210BF2-0F3D-4204-9512-DA83421236A8} = {CB7CADA3-8466-4CED-A7BB-0A0A51D5280E}
	EndGlobalSection
EndGlobal
